// !$*UTF8*$!
{
	archiveVersion = 1;
	classes = {
	};
	objectVersion = 51;
	objects = {

/* Begin PBXBuildFile section */
		04E2DE6724F9583900C92916 /* AppDelegate.swift in Sources */ = {isa = PBXBuildFile; fileRef = 04E2DE6624F9583900C92916 /* AppDelegate.swift */; };
		04E2DE6924F9583900C92916 /* SceneDelegate.swift in Sources */ = {isa = PBXBuildFile; fileRef = 04E2DE6824F9583900C92916 /* SceneDelegate.swift */; };
		04E2DE6B24F9583900C92916 /* ViewController.swift in Sources */ = {isa = PBXBuildFile; fileRef = 04E2DE6A24F9583900C92916 /* ViewController.swift */; };
		04E2DE6E24F9583900C92916 /* Main.storyboard in Resources */ = {isa = PBXBuildFile; fileRef = 04E2DE6C24F9583900C92916 /* Main.storyboard */; };
		04E2DE7124F9583900C92916 /* MuyEmployees.xcdatamodeld in Sources */ = {isa = PBXBuildFile; fileRef = 04E2DE6F24F9583900C92916 /* MuyEmployees.xcdatamodeld */; };
		04E2DE7324F9583B00C92916 /* Assets.xcassets in Resources */ = {isa = PBXBuildFile; fileRef = 04E2DE7224F9583B00C92916 /* Assets.xcassets */; };
		04E2DE7624F9583B00C92916 /* LaunchScreen.storyboard in Resources */ = {isa = PBXBuildFile; fileRef = 04E2DE7424F9583B00C92916 /* LaunchScreen.storyboard */; };
		04E2DE8124F9583C00C92916 /* MuyEmployeesTests.swift in Sources */ = {isa = PBXBuildFile; fileRef = 04E2DE8024F9583C00C92916 /* MuyEmployeesTests.swift */; };
		04E2DE8C24F9583C00C92916 /* MuyEmployeesUITests.swift in Sources */ = {isa = PBXBuildFile; fileRef = 04E2DE8B24F9583C00C92916 /* MuyEmployeesUITests.swift */; };
		04E2DEB824F9624500C92916 /* ApiAdapter.swift in Sources */ = {isa = PBXBuildFile; fileRef = 04E2DEB724F9624500C92916 /* ApiAdapter.swift */; };
		04E2DEBA24F96DFB00C92916 /* EmpoyeesApi.swift in Sources */ = {isa = PBXBuildFile; fileRef = 04E2DEB924F96DFB00C92916 /* EmpoyeesApi.swift */; };
		04E2DEBD24F96E6400C92916 /* EmployeesService.swift in Sources */ = {isa = PBXBuildFile; fileRef = 04E2DEBC24F96E6400C92916 /* EmployeesService.swift */; };
		04E2DEBF24F96EFA00C92916 /* EmployeesListRes.swift in Sources */ = {isa = PBXBuildFile; fileRef = 04E2DEBE24F96EFA00C92916 /* EmployeesListRes.swift */; };
		04E2DEC124F971A800C92916 /* HomeViewModel.swift in Sources */ = {isa = PBXBuildFile; fileRef = 04E2DEC024F971A800C92916 /* HomeViewModel.swift */; };
		04E2DEC424F9721A00C92916 /* EmployeesManager.swift in Sources */ = {isa = PBXBuildFile; fileRef = 04E2DEC324F9721A00C92916 /* EmployeesManager.swift */; };
		04E2DEC824F9749900C92916 /* EmplooyeTableViewCell.swift in Sources */ = {isa = PBXBuildFile; fileRef = 04E2DEC624F9749900C92916 /* EmplooyeTableViewCell.swift */; };
		04E2DEC924F9749900C92916 /* EmplooyeTableViewCell.xib in Resources */ = {isa = PBXBuildFile; fileRef = 04E2DEC724F9749900C92916 /* EmplooyeTableViewCell.xib */; };
		04E2DECC24F975A800C92916 /* Extensions.swift in Sources */ = {isa = PBXBuildFile; fileRef = 04E2DECB24F975A800C92916 /* Extensions.swift */; };
		04E2DED024F9A6A600C92916 /* EmployeeViewController.swift in Sources */ = {isa = PBXBuildFile; fileRef = 04E2DECE24F9A6A600C92916 /* EmployeeViewController.swift */; };
		04E2DED124F9A6A600C92916 /* EmployeeViewController.xib in Resources */ = {isa = PBXBuildFile; fileRef = 04E2DECF24F9A6A600C92916 /* EmployeeViewController.xib */; };
		04E2DED624F9AD4F00C92916 /* HeaderEmployeeTableViewCell.swift in Sources */ = {isa = PBXBuildFile; fileRef = 04E2DED424F9AD4E00C92916 /* HeaderEmployeeTableViewCell.swift */; };
		04E2DED724F9AD4F00C92916 /* HeaderEmployeeTableViewCell.xib in Resources */ = {isa = PBXBuildFile; fileRef = 04E2DED524F9AD4E00C92916 /* HeaderEmployeeTableViewCell.xib */; };
		04E2DEDA24F9AFAF00C92916 /* HeaderSubEmployeesSectionView.xib in Resources */ = {isa = PBXBuildFile; fileRef = 04E2DED924F9AFAF00C92916 /* HeaderSubEmployeesSectionView.xib */; };
		04E2DEE724F9C0CF00C92916 /* Employee+CoreDataProperties.swift in Sources */ = {isa = PBXBuildFile; fileRef = 04E2DEE324F9C0CE00C92916 /* Employee+CoreDataProperties.swift */; };
		04E2DEE824F9C0CF00C92916 /* Employee+CoreDataClass.swift in Sources */ = {isa = PBXBuildFile; fileRef = 04E2DEE624F9C0CF00C92916 /* Employee+CoreDataClass.swift */; };
		04E2DEE924F9C0CF00C92916 /* SubEmployees+CoreDataProperties.swift in Sources */ = {isa = PBXBuildFile; fileRef = 04E2DEE524F9C0CF00C92916 /* SubEmployees+CoreDataProperties.swift */; };
		04E2DEEA24F9C0CF00C92916 /* SubEmployees+CoreDataClass.swift in Sources */ = {isa = PBXBuildFile; fileRef = 04E2DEE424F9C0CE00C92916 /* SubEmployees+CoreDataClass.swift */; };
		04E2DEEC24F9CA1500C92916 /* HeaderSubEmployeesSectionView.swift in Sources */ = {isa = PBXBuildFile; fileRef = 04E2DEEB24F9CA1500C92916 /* HeaderSubEmployeesSectionView.swift */; };
		04E2DEEE24F9DBCB00C92916 /* EmployeeViewModel.swift in Sources */ = {isa = PBXBuildFile; fileRef = 04E2DEED24F9DBCB00C92916 /* EmployeeViewModel.swift */; };
		04F4D28224FAE7B500F42B80 /* AddEmployeeViewController.swift in Sources */ = {isa = PBXBuildFile; fileRef = 04F4D28024FAE7B500F42B80 /* AddEmployeeViewController.swift */; };
		04F4D28324FAE7B500F42B80 /* AddEmployeeViewController.xib in Resources */ = {isa = PBXBuildFile; fileRef = 04F4D28124FAE7B500F42B80 /* AddEmployeeViewController.xib */; };
		04F4D28524FAEC2700F42B80 /* AddEmployeeViewModel.swift in Sources */ = {isa = PBXBuildFile; fileRef = 04F4D28424FAEC2700F42B80 /* AddEmployeeViewModel.swift */; };
		054B1DBBABE22397DDC7C2D0 /* Pods_MuyEmployeesTests.framework in Frameworks */ = {isa = PBXBuildFile; fileRef = 2A1B46FBACF24D1BE4E3D7C8 /* Pods_MuyEmployeesTests.framework */; };
		4FCCA02C64D7AADE4516B91F /* Pods_MuyEmployees_MuyEmployeesUITests.framework in Frameworks */ = {isa = PBXBuildFile; fileRef = 1AD8196765C9318C6F8A6CB2 /* Pods_MuyEmployees_MuyEmployeesUITests.framework */; };
		D04D49CEAFC79C794B4313EE /* Pods_MuyEmployees.framework in Frameworks */ = {isa = PBXBuildFile; fileRef = 10417E151430549E16C8BC23 /* Pods_MuyEmployees.framework */; };
/* End PBXBuildFile section */

/* Begin PBXContainerItemProxy section */
		04E2DE7D24F9583C00C92916 /* PBXContainerItemProxy */ = {
			isa = PBXContainerItemProxy;
			containerPortal = 04E2DE5B24F9583900C92916 /* Project object */;
			proxyType = 1;
			remoteGlobalIDString = 04E2DE6224F9583900C92916;
			remoteInfo = MuyEmployees;
		};
		04E2DE8824F9583C00C92916 /* PBXContainerItemProxy */ = {
			isa = PBXContainerItemProxy;
			containerPortal = 04E2DE5B24F9583900C92916 /* Project object */;
			proxyType = 1;
			remoteGlobalIDString = 04E2DE6224F9583900C92916;
			remoteInfo = MuyEmployees;
		};
/* End PBXContainerItemProxy section */

/* Begin PBXFileReference section */
		04E2DE6324F9583900C92916 /* MuyEmployees.app */ = {isa = PBXFileReference; explicitFileType = wrapper.application; includeInIndex = 0; path = MuyEmployees.app; sourceTree = BUILT_PRODUCTS_DIR; };
		04E2DE6624F9583900C92916 /* AppDelegate.swift */ = {isa = PBXFileReference; lastKnownFileType = sourcecode.swift; path = AppDelegate.swift; sourceTree = "<group>"; };
		04E2DE6824F9583900C92916 /* SceneDelegate.swift */ = {isa = PBXFileReference; lastKnownFileType = sourcecode.swift; path = SceneDelegate.swift; sourceTree = "<group>"; };
		04E2DE6A24F9583900C92916 /* ViewController.swift */ = {isa = PBXFileReference; lastKnownFileType = sourcecode.swift; path = ViewController.swift; sourceTree = "<group>"; };
		04E2DE6D24F9583900C92916 /* Base */ = {isa = PBXFileReference; lastKnownFileType = file.storyboard; name = Base; path = Base.lproj/Main.storyboard; sourceTree = "<group>"; };
		04E2DE7024F9583900C92916 /* MuyEmployees.xcdatamodel */ = {isa = PBXFileReference; lastKnownFileType = wrapper.xcdatamodel; path = MuyEmployees.xcdatamodel; sourceTree = "<group>"; };
		04E2DE7224F9583B00C92916 /* Assets.xcassets */ = {isa = PBXFileReference; lastKnownFileType = folder.assetcatalog; path = Assets.xcassets; sourceTree = "<group>"; };
		04E2DE7524F9583B00C92916 /* Base */ = {isa = PBXFileReference; lastKnownFileType = file.storyboard; name = Base; path = Base.lproj/LaunchScreen.storyboard; sourceTree = "<group>"; };
		04E2DE7724F9583C00C92916 /* Info.plist */ = {isa = PBXFileReference; lastKnownFileType = text.plist.xml; path = Info.plist; sourceTree = "<group>"; };
		04E2DE7C24F9583C00C92916 /* MuyEmployeesTests.xctest */ = {isa = PBXFileReference; explicitFileType = wrapper.cfbundle; includeInIndex = 0; path = MuyEmployeesTests.xctest; sourceTree = BUILT_PRODUCTS_DIR; };
		04E2DE8024F9583C00C92916 /* MuyEmployeesTests.swift */ = {isa = PBXFileReference; lastKnownFileType = sourcecode.swift; path = MuyEmployeesTests.swift; sourceTree = "<group>"; };
		04E2DE8224F9583C00C92916 /* Info.plist */ = {isa = PBXFileReference; lastKnownFileType = text.plist.xml; path = Info.plist; sourceTree = "<group>"; };
		04E2DE8724F9583C00C92916 /* MuyEmployeesUITests.xctest */ = {isa = PBXFileReference; explicitFileType = wrapper.cfbundle; includeInIndex = 0; path = MuyEmployeesUITests.xctest; sourceTree = BUILT_PRODUCTS_DIR; };
		04E2DE8B24F9583C00C92916 /* MuyEmployeesUITests.swift */ = {isa = PBXFileReference; lastKnownFileType = sourcecode.swift; path = MuyEmployeesUITests.swift; sourceTree = "<group>"; };
		04E2DE8D24F9583C00C92916 /* Info.plist */ = {isa = PBXFileReference; lastKnownFileType = text.plist.xml; path = Info.plist; sourceTree = "<group>"; };
		04E2DEB724F9624500C92916 /* ApiAdapter.swift */ = {isa = PBXFileReference; lastKnownFileType = sourcecode.swift; path = ApiAdapter.swift; sourceTree = "<group>"; };
		04E2DEB924F96DFB00C92916 /* EmpoyeesApi.swift */ = {isa = PBXFileReference; lastKnownFileType = sourcecode.swift; path = EmpoyeesApi.swift; sourceTree = "<group>"; };
		04E2DEBC24F96E6400C92916 /* EmployeesService.swift */ = {isa = PBXFileReference; lastKnownFileType = sourcecode.swift; path = EmployeesService.swift; sourceTree = "<group>"; };
		04E2DEBE24F96EFA00C92916 /* EmployeesListRes.swift */ = {isa = PBXFileReference; lastKnownFileType = sourcecode.swift; path = EmployeesListRes.swift; sourceTree = "<group>"; };
		04E2DEC024F971A800C92916 /* HomeViewModel.swift */ = {isa = PBXFileReference; lastKnownFileType = sourcecode.swift; path = HomeViewModel.swift; sourceTree = "<group>"; };
		04E2DEC324F9721A00C92916 /* EmployeesManager.swift */ = {isa = PBXFileReference; lastKnownFileType = sourcecode.swift; path = EmployeesManager.swift; sourceTree = "<group>"; };
		04E2DEC624F9749900C92916 /* EmplooyeTableViewCell.swift */ = {isa = PBXFileReference; lastKnownFileType = sourcecode.swift; path = EmplooyeTableViewCell.swift; sourceTree = "<group>"; };
		04E2DEC724F9749900C92916 /* EmplooyeTableViewCell.xib */ = {isa = PBXFileReference; lastKnownFileType = file.xib; path = EmplooyeTableViewCell.xib; sourceTree = "<group>"; };
		04E2DECB24F975A800C92916 /* Extensions.swift */ = {isa = PBXFileReference; lastKnownFileType = sourcecode.swift; path = Extensions.swift; sourceTree = "<group>"; };
		04E2DECE24F9A6A600C92916 /* EmployeeViewController.swift */ = {isa = PBXFileReference; lastKnownFileType = sourcecode.swift; path = EmployeeViewController.swift; sourceTree = "<group>"; };
		04E2DECF24F9A6A600C92916 /* EmployeeViewController.xib */ = {isa = PBXFileReference; lastKnownFileType = file.xib; path = EmployeeViewController.xib; sourceTree = "<group>"; };
		04E2DED424F9AD4E00C92916 /* HeaderEmployeeTableViewCell.swift */ = {isa = PBXFileReference; lastKnownFileType = sourcecode.swift; path = HeaderEmployeeTableViewCell.swift; sourceTree = "<group>"; };
		04E2DED524F9AD4E00C92916 /* HeaderEmployeeTableViewCell.xib */ = {isa = PBXFileReference; lastKnownFileType = file.xib; path = HeaderEmployeeTableViewCell.xib; sourceTree = "<group>"; };
		04E2DED924F9AFAF00C92916 /* HeaderSubEmployeesSectionView.xib */ = {isa = PBXFileReference; lastKnownFileType = file.xib; path = HeaderSubEmployeesSectionView.xib; sourceTree = "<group>"; };
		04E2DEE324F9C0CE00C92916 /* Employee+CoreDataProperties.swift */ = {isa = PBXFileReference; lastKnownFileType = sourcecode.swift; name = "Employee+CoreDataProperties.swift"; path = "/Users/mac/Documents/Swift/MuyEmployees/MuyEmployees/Models/Employee+CoreDataProperties.swift"; sourceTree = "<absolute>"; };
		04E2DEE424F9C0CE00C92916 /* SubEmployees+CoreDataClass.swift */ = {isa = PBXFileReference; lastKnownFileType = sourcecode.swift; name = "SubEmployees+CoreDataClass.swift"; path = "/Users/mac/Documents/Swift/MuyEmployees/MuyEmployees/Models/SubEmployees+CoreDataClass.swift"; sourceTree = "<absolute>"; };
		04E2DEE524F9C0CF00C92916 /* SubEmployees+CoreDataProperties.swift */ = {isa = PBXFileReference; lastKnownFileType = sourcecode.swift; name = "SubEmployees+CoreDataProperties.swift"; path = "/Users/mac/Documents/Swift/MuyEmployees/MuyEmployees/Models/SubEmployees+CoreDataProperties.swift"; sourceTree = "<absolute>"; };
		04E2DEE624F9C0CF00C92916 /* Employee+CoreDataClass.swift */ = {isa = PBXFileReference; lastKnownFileType = sourcecode.swift; name = "Employee+CoreDataClass.swift"; path = "/Users/mac/Documents/Swift/MuyEmployees/MuyEmployees/Models/Employee+CoreDataClass.swift"; sourceTree = "<absolute>"; };
		04E2DEEB24F9CA1500C92916 /* HeaderSubEmployeesSectionView.swift */ = {isa = PBXFileReference; lastKnownFileType = sourcecode.swift; path = HeaderSubEmployeesSectionView.swift; sourceTree = "<group>"; };
		04E2DEED24F9DBCB00C92916 /* EmployeeViewModel.swift */ = {isa = PBXFileReference; lastKnownFileType = sourcecode.swift; path = EmployeeViewModel.swift; sourceTree = "<group>"; };
		04F4D28024FAE7B500F42B80 /* AddEmployeeViewController.swift */ = {isa = PBXFileReference; lastKnownFileType = sourcecode.swift; path = AddEmployeeViewController.swift; sourceTree = "<group>"; };
		04F4D28124FAE7B500F42B80 /* AddEmployeeViewController.xib */ = {isa = PBXFileReference; lastKnownFileType = file.xib; path = AddEmployeeViewController.xib; sourceTree = "<group>"; };
		04F4D28424FAEC2700F42B80 /* AddEmployeeViewModel.swift */ = {isa = PBXFileReference; lastKnownFileType = sourcecode.swift; path = AddEmployeeViewModel.swift; sourceTree = "<group>"; };
		10417E151430549E16C8BC23 /* Pods_MuyEmployees.framework */ = {isa = PBXFileReference; explicitFileType = wrapper.framework; includeInIndex = 0; path = Pods_MuyEmployees.framework; sourceTree = BUILT_PRODUCTS_DIR; };
		1AD8196765C9318C6F8A6CB2 /* Pods_MuyEmployees_MuyEmployeesUITests.framework */ = {isa = PBXFileReference; explicitFileType = wrapper.framework; includeInIndex = 0; path = Pods_MuyEmployees_MuyEmployeesUITests.framework; sourceTree = BUILT_PRODUCTS_DIR; };
		1AF81C12D6259B1EEB26F947 /* Pods-MuyEmployees-MuyEmployeesUITests.debug.xcconfig */ = {isa = PBXFileReference; includeInIndex = 1; lastKnownFileType = text.xcconfig; name = "Pods-MuyEmployees-MuyEmployeesUITests.debug.xcconfig"; path = "Target Support Files/Pods-MuyEmployees-MuyEmployeesUITests/Pods-MuyEmployees-MuyEmployeesUITests.debug.xcconfig"; sourceTree = "<group>"; };
		2A1B46FBACF24D1BE4E3D7C8 /* Pods_MuyEmployeesTests.framework */ = {isa = PBXFileReference; explicitFileType = wrapper.framework; includeInIndex = 0; path = Pods_MuyEmployeesTests.framework; sourceTree = BUILT_PRODUCTS_DIR; };
		9FEE4A18E5A7DE3DCE2C3E5B /* Pods-MuyEmployeesTests.release.xcconfig */ = {isa = PBXFileReference; includeInIndex = 1; lastKnownFileType = text.xcconfig; name = "Pods-MuyEmployeesTests.release.xcconfig"; path = "Target Support Files/Pods-MuyEmployeesTests/Pods-MuyEmployeesTests.release.xcconfig"; sourceTree = "<group>"; };
		AF23ABADE80FAB6F2215CE08 /* Pods-MuyEmployeesTests.debug.xcconfig */ = {isa = PBXFileReference; includeInIndex = 1; lastKnownFileType = text.xcconfig; name = "Pods-MuyEmployeesTests.debug.xcconfig"; path = "Target Support Files/Pods-MuyEmployeesTests/Pods-MuyEmployeesTests.debug.xcconfig"; sourceTree = "<group>"; };
		EC31090D3A3588627A3E3B69 /* Pods-MuyEmployees-MuyEmployeesUITests.release.xcconfig */ = {isa = PBXFileReference; includeInIndex = 1; lastKnownFileType = text.xcconfig; name = "Pods-MuyEmployees-MuyEmployeesUITests.release.xcconfig"; path = "Target Support Files/Pods-MuyEmployees-MuyEmployeesUITests/Pods-MuyEmployees-MuyEmployeesUITests.release.xcconfig"; sourceTree = "<group>"; };
		EF6C05D94449131CC1BEC2E5 /* Pods-MuyEmployees.debug.xcconfig */ = {isa = PBXFileReference; includeInIndex = 1; lastKnownFileType = text.xcconfig; name = "Pods-MuyEmployees.debug.xcconfig"; path = "Target Support Files/Pods-MuyEmployees/Pods-MuyEmployees.debug.xcconfig"; sourceTree = "<group>"; };
		F99E00BFE0CB1856A84A7F50 /* Pods-MuyEmployees.release.xcconfig */ = {isa = PBXFileReference; includeInIndex = 1; lastKnownFileType = text.xcconfig; name = "Pods-MuyEmployees.release.xcconfig"; path = "Target Support Files/Pods-MuyEmployees/Pods-MuyEmployees.release.xcconfig"; sourceTree = "<group>"; };
/* End PBXFileReference section */

/* Begin PBXFrameworksBuildPhase section */
		04E2DE6024F9583900C92916 /* Frameworks */ = {
			isa = PBXFrameworksBuildPhase;
			buildActionMask = 2147483647;
			files = (
				D04D49CEAFC79C794B4313EE /* Pods_MuyEmployees.framework in Frameworks */,
			);
			runOnlyForDeploymentPostprocessing = 0;
		};
		04E2DE7924F9583C00C92916 /* Frameworks */ = {
			isa = PBXFrameworksBuildPhase;
			buildActionMask = 2147483647;
			files = (
				054B1DBBABE22397DDC7C2D0 /* Pods_MuyEmployeesTests.framework in Frameworks */,
			);
			runOnlyForDeploymentPostprocessing = 0;
		};
		04E2DE8424F9583C00C92916 /* Frameworks */ = {
			isa = PBXFrameworksBuildPhase;
			buildActionMask = 2147483647;
			files = (
				4FCCA02C64D7AADE4516B91F /* Pods_MuyEmployees_MuyEmployeesUITests.framework in Frameworks */,
			);
			runOnlyForDeploymentPostprocessing = 0;
		};
/* End PBXFrameworksBuildPhase section */

/* Begin PBXGroup section */
		04E2DE5A24F9583800C92916 = {
			isa = PBXGroup;
			children = (
				04E2DE6524F9583900C92916 /* MuyEmployees */,
				04E2DE7F24F9583C00C92916 /* MuyEmployeesTests */,
				04E2DE8A24F9583C00C92916 /* MuyEmployeesUITests */,
				04E2DE6424F9583900C92916 /* Products */,
				9924D344855883A93F2030A7 /* Pods */,
				C3E8B7140F54E0B2C1932F7D /* Frameworks */,
			);
			sourceTree = "<group>";
		};
		04E2DE6424F9583900C92916 /* Products */ = {
			isa = PBXGroup;
			children = (
				04E2DE6324F9583900C92916 /* MuyEmployees.app */,
				04E2DE7C24F9583C00C92916 /* MuyEmployeesTests.xctest */,
				04E2DE8724F9583C00C92916 /* MuyEmployeesUITests.xctest */,
			);
			name = Products;
			sourceTree = "<group>";
		};
		04E2DE6524F9583900C92916 /* MuyEmployees */ = {
			isa = PBXGroup;
			children = (
				04E2DEC224F9720300C92916 /* Managers */,
				04E2DEBB24F96E3A00C92916 /* Services */,
				04E2DEB624F9620200C92916 /* ViewModels */,
				04E2DEB524F961FE00C92916 /* Views */,
				04E2DEB424F961F600C92916 /* Network */,
				04E2DEA124F95C2B00C92916 /* Models */,
				04E2DECA24F9757B00C92916 /* Extensions */,
				04E2DE6624F9583900C92916 /* AppDelegate.swift */,
				04E2DE6824F9583900C92916 /* SceneDelegate.swift */,
				04E2DE6C24F9583900C92916 /* Main.storyboard */,
				04E2DE7224F9583B00C92916 /* Assets.xcassets */,
				04E2DE7424F9583B00C92916 /* LaunchScreen.storyboard */,
				04E2DE7724F9583C00C92916 /* Info.plist */,
				04E2DE6F24F9583900C92916 /* MuyEmployees.xcdatamodeld */,
			);
			path = MuyEmployees;
			sourceTree = "<group>";
		};
		04E2DE7F24F9583C00C92916 /* MuyEmployeesTests */ = {
			isa = PBXGroup;
			children = (
				04E2DE8024F9583C00C92916 /* MuyEmployeesTests.swift */,
				04E2DE8224F9583C00C92916 /* Info.plist */,
			);
			path = MuyEmployeesTests;
			sourceTree = "<group>";
		};
		04E2DE8A24F9583C00C92916 /* MuyEmployeesUITests */ = {
			isa = PBXGroup;
			children = (
				04E2DE8B24F9583C00C92916 /* MuyEmployeesUITests.swift */,
				04E2DE8D24F9583C00C92916 /* Info.plist */,
			);
			path = MuyEmployeesUITests;
			sourceTree = "<group>";
		};
		04E2DEA124F95C2B00C92916 /* Models */ = {
			isa = PBXGroup;
			children = (
				04E2DEE624F9C0CF00C92916 /* Employee+CoreDataClass.swift */,
				04E2DEE324F9C0CE00C92916 /* Employee+CoreDataProperties.swift */,
				04E2DEE424F9C0CE00C92916 /* SubEmployees+CoreDataClass.swift */,
				04E2DEE524F9C0CF00C92916 /* SubEmployees+CoreDataProperties.swift */,
				04E2DEB224F960EA00C92916 /* CoreData */,
				04E2DEBE24F96EFA00C92916 /* EmployeesListRes.swift */,
			);
			path = Models;
			sourceTree = "<group>";
		};
		04E2DEB224F960EA00C92916 /* CoreData */ = {
			isa = PBXGroup;
			children = (
			);
			path = CoreData;
			sourceTree = "<group>";
		};
		04E2DEB424F961F600C92916 /* Network */ = {
			isa = PBXGroup;
			children = (
				04E2DEB724F9624500C92916 /* ApiAdapter.swift */,
				04E2DEB924F96DFB00C92916 /* EmpoyeesApi.swift */,
			);
			path = Network;
			sourceTree = "<group>";
		};
		04E2DEB524F961FE00C92916 /* Views */ = {
			isa = PBXGroup;
			children = (
				04F4D27F24FAE71D00F42B80 /* AddEmployeeViewController */,
				04E2DECD24F9A68900C92916 /* EmployeeViewController */,
				04E2DEC524F9745000C92916 /* TableViewCells */,
				04E2DE6A24F9583900C92916 /* ViewController.swift */,
			);
			path = Views;
			sourceTree = "<group>";
		};
		04E2DEB624F9620200C92916 /* ViewModels */ = {
			isa = PBXGroup;
			children = (
				04E2DEC024F971A800C92916 /* HomeViewModel.swift */,
				04E2DEED24F9DBCB00C92916 /* EmployeeViewModel.swift */,
				04F4D28424FAEC2700F42B80 /* AddEmployeeViewModel.swift */,
			);
			path = ViewModels;
			sourceTree = "<group>";
		};
		04E2DEBB24F96E3A00C92916 /* Services */ = {
			isa = PBXGroup;
			children = (
				04E2DEBC24F96E6400C92916 /* EmployeesService.swift */,
			);
			path = Services;
			sourceTree = "<group>";
		};
		04E2DEC224F9720300C92916 /* Managers */ = {
			isa = PBXGroup;
			children = (
				04E2DEC324F9721A00C92916 /* EmployeesManager.swift */,
			);
			path = Managers;
			sourceTree = "<group>";
		};
		04E2DEC524F9745000C92916 /* TableViewCells */ = {
			isa = PBXGroup;
			children = (
				04E2DED824F9AF9000C92916 /* HeaderSubEmployeesSection */,
				04E2DED324F9A8C800C92916 /* HeaderEmployeeDetail */,
				04E2DED224F9A8BC00C92916 /* EmployeeTableViewCell */,
			);
			path = TableViewCells;
			sourceTree = "<group>";
		};
		04E2DECA24F9757B00C92916 /* Extensions */ = {
			isa = PBXGroup;
			children = (
				04E2DECB24F975A800C92916 /* Extensions.swift */,
			);
			path = Extensions;
			sourceTree = "<group>";
		};
		04E2DECD24F9A68900C92916 /* EmployeeViewController */ = {
			isa = PBXGroup;
			children = (
				04E2DECE24F9A6A600C92916 /* EmployeeViewController.swift */,
				04E2DECF24F9A6A600C92916 /* EmployeeViewController.xib */,
			);
			path = EmployeeViewController;
			sourceTree = "<group>";
		};
		04E2DED224F9A8BC00C92916 /* EmployeeTableViewCell */ = {
			isa = PBXGroup;
			children = (
				04E2DEC624F9749900C92916 /* EmplooyeTableViewCell.swift */,
				04E2DEC724F9749900C92916 /* EmplooyeTableViewCell.xib */,
			);
			path = EmployeeTableViewCell;
			sourceTree = "<group>";
		};
		04E2DED324F9A8C800C92916 /* HeaderEmployeeDetail */ = {
			isa = PBXGroup;
			children = (
				04E2DED424F9AD4E00C92916 /* HeaderEmployeeTableViewCell.swift */,
				04E2DED524F9AD4E00C92916 /* HeaderEmployeeTableViewCell.xib */,
			);
			path = HeaderEmployeeDetail;
			sourceTree = "<group>";
		};
		04E2DED824F9AF9000C92916 /* HeaderSubEmployeesSection */ = {
			isa = PBXGroup;
			children = (
				04E2DED924F9AFAF00C92916 /* HeaderSubEmployeesSectionView.xib */,
				04E2DEEB24F9CA1500C92916 /* HeaderSubEmployeesSectionView.swift */,
			);
			path = HeaderSubEmployeesSection;
			sourceTree = "<group>";
		};
		04F4D27F24FAE71D00F42B80 /* AddEmployeeViewController */ = {
			isa = PBXGroup;
			children = (
				04F4D28024FAE7B500F42B80 /* AddEmployeeViewController.swift */,
				04F4D28124FAE7B500F42B80 /* AddEmployeeViewController.xib */,
			);
			path = AddEmployeeViewController;
			sourceTree = "<group>";
		};
		9924D344855883A93F2030A7 /* Pods */ = {
			isa = PBXGroup;
			children = (
				EF6C05D94449131CC1BEC2E5 /* Pods-MuyEmployees.debug.xcconfig */,
				F99E00BFE0CB1856A84A7F50 /* Pods-MuyEmployees.release.xcconfig */,
				1AF81C12D6259B1EEB26F947 /* Pods-MuyEmployees-MuyEmployeesUITests.debug.xcconfig */,
				EC31090D3A3588627A3E3B69 /* Pods-MuyEmployees-MuyEmployeesUITests.release.xcconfig */,
				AF23ABADE80FAB6F2215CE08 /* Pods-MuyEmployeesTests.debug.xcconfig */,
				9FEE4A18E5A7DE3DCE2C3E5B /* Pods-MuyEmployeesTests.release.xcconfig */,
			);
			path = Pods;
			sourceTree = "<group>";
		};
		C3E8B7140F54E0B2C1932F7D /* Frameworks */ = {
			isa = PBXGroup;
			children = (
				10417E151430549E16C8BC23 /* Pods_MuyEmployees.framework */,
				1AD8196765C9318C6F8A6CB2 /* Pods_MuyEmployees_MuyEmployeesUITests.framework */,
				2A1B46FBACF24D1BE4E3D7C8 /* Pods_MuyEmployeesTests.framework */,
			);
			name = Frameworks;
			sourceTree = "<group>";
		};
/* End PBXGroup section */

/* Begin PBXNativeTarget section */
		04E2DE6224F9583900C92916 /* MuyEmployees */ = {
			isa = PBXNativeTarget;
			buildConfigurationList = 04E2DE9024F9583C00C92916 /* Build configuration list for PBXNativeTarget "MuyEmployees" */;
			buildPhases = (
				04AE4591203EDF5A0608AEA4 /* [CP] Check Pods Manifest.lock */,
				04E2DE5F24F9583900C92916 /* Sources */,
				04E2DE6024F9583900C92916 /* Frameworks */,
				04E2DE6124F9583900C92916 /* Resources */,
				734128081F222C0ACF878B20 /* [CP] Embed Pods Frameworks */,
			);
			buildRules = (
			);
			dependencies = (
			);
			name = MuyEmployees;
			productName = MuyEmployees;
			productReference = 04E2DE6324F9583900C92916 /* MuyEmployees.app */;
			productType = "com.apple.product-type.application";
		};
		04E2DE7B24F9583C00C92916 /* MuyEmployeesTests */ = {
			isa = PBXNativeTarget;
			buildConfigurationList = 04E2DE9324F9583C00C92916 /* Build configuration list for PBXNativeTarget "MuyEmployeesTests" */;
			buildPhases = (
				5521B8E27A11C3ACC8256164 /* [CP] Check Pods Manifest.lock */,
				04E2DE7824F9583C00C92916 /* Sources */,
				04E2DE7924F9583C00C92916 /* Frameworks */,
				04E2DE7A24F9583C00C92916 /* Resources */,
			);
			buildRules = (
			);
			dependencies = (
				04E2DE7E24F9583C00C92916 /* PBXTargetDependency */,
			);
			name = MuyEmployeesTests;
			productName = MuyEmployeesTests;
			productReference = 04E2DE7C24F9583C00C92916 /* MuyEmployeesTests.xctest */;
			productType = "com.apple.product-type.bundle.unit-test";
		};
		04E2DE8624F9583C00C92916 /* MuyEmployeesUITests */ = {
			isa = PBXNativeTarget;
			buildConfigurationList = 04E2DE9624F9583C00C92916 /* Build configuration list for PBXNativeTarget "MuyEmployeesUITests" */;
			buildPhases = (
				B34AB73CB0311C1E281ECA62 /* [CP] Check Pods Manifest.lock */,
				04E2DE8324F9583C00C92916 /* Sources */,
				04E2DE8424F9583C00C92916 /* Frameworks */,
				04E2DE8524F9583C00C92916 /* Resources */,
				374B41BB79CCC61F07A28D08 /* [CP] Embed Pods Frameworks */,
			);
			buildRules = (
			);
			dependencies = (
				04E2DE8924F9583C00C92916 /* PBXTargetDependency */,
			);
			name = MuyEmployeesUITests;
			productName = MuyEmployeesUITests;
			productReference = 04E2DE8724F9583C00C92916 /* MuyEmployeesUITests.xctest */;
			productType = "com.apple.product-type.bundle.ui-testing";
		};
/* End PBXNativeTarget section */

/* Begin PBXProject section */
		04E2DE5B24F9583900C92916 /* Project object */ = {
			isa = PBXProject;
			attributes = {
				LastSwiftUpdateCheck = 1160;
				LastUpgradeCheck = 1160;
				ORGANIZATIONNAME = selvamatic;
				TargetAttributes = {
					04E2DE6224F9583900C92916 = {
						CreatedOnToolsVersion = 11.6;
					};
					04E2DE7B24F9583C00C92916 = {
						CreatedOnToolsVersion = 11.6;
						TestTargetID = 04E2DE6224F9583900C92916;
					};
					04E2DE8624F9583C00C92916 = {
						CreatedOnToolsVersion = 11.6;
						TestTargetID = 04E2DE6224F9583900C92916;
					};
				};
			};
			buildConfigurationList = 04E2DE5E24F9583900C92916 /* Build configuration list for PBXProject "MuyEmployees" */;
			compatibilityVersion = "Xcode 9.3";
			developmentRegion = en;
			hasScannedForEncodings = 0;
			knownRegions = (
				en,
				Base,
			);
			mainGroup = 04E2DE5A24F9583800C92916;
			productRefGroup = 04E2DE6424F9583900C92916 /* Products */;
			projectDirPath = "";
			projectRoot = "";
			targets = (
				04E2DE6224F9583900C92916 /* MuyEmployees */,
				04E2DE7B24F9583C00C92916 /* MuyEmployeesTests */,
				04E2DE8624F9583C00C92916 /* MuyEmployeesUITests */,
			);
		};
/* End PBXProject section */

/* Begin PBXResourcesBuildPhase section */
		04E2DE6124F9583900C92916 /* Resources */ = {
			isa = PBXResourcesBuildPhase;
			buildActionMask = 2147483647;
			files = (
				04E2DE7624F9583B00C92916 /* LaunchScreen.storyboard in Resources */,
				04E2DE7324F9583B00C92916 /* Assets.xcassets in Resources */,
				04E2DED124F9A6A600C92916 /* EmployeeViewController.xib in Resources */,
				04E2DE6E24F9583900C92916 /* Main.storyboard in Resources */,
				04E2DED724F9AD4F00C92916 /* HeaderEmployeeTableViewCell.xib in Resources */,
				04E2DEDA24F9AFAF00C92916 /* HeaderSubEmployeesSectionView.xib in Resources */,
				04F4D28324FAE7B500F42B80 /* AddEmployeeViewController.xib in Resources */,
				04E2DEC924F9749900C92916 /* EmplooyeTableViewCell.xib in Resources */,
			);
			runOnlyForDeploymentPostprocessing = 0;
		};
		04E2DE7A24F9583C00C92916 /* Resources */ = {
			isa = PBXResourcesBuildPhase;
			buildActionMask = 2147483647;
			files = (
			);
			runOnlyForDeploymentPostprocessing = 0;
		};
		04E2DE8524F9583C00C92916 /* Resources */ = {
			isa = PBXResourcesBuildPhase;
			buildActionMask = 2147483647;
			files = (
			);
			runOnlyForDeploymentPostprocessing = 0;
		};
/* End PBXResourcesBuildPhase section */

/* Begin PBXShellScriptBuildPhase section */
		04AE4591203EDF5A0608AEA4 /* [CP] Check Pods Manifest.lock */ = {
			isa = PBXShellScriptBuildPhase;
			buildActionMask = 2147483647;
			files = (
			);
			inputFileListPaths = (
			);
			inputPaths = (
				"${PODS_PODFILE_DIR_PATH}/Podfile.lock",
				"${PODS_ROOT}/Manifest.lock",
			);
			name = "[CP] Check Pods Manifest.lock";
			outputFileListPaths = (
			);
			outputPaths = (
				"$(DERIVED_FILE_DIR)/Pods-MuyEmployees-checkManifestLockResult.txt",
			);
			runOnlyForDeploymentPostprocessing = 0;
			shellPath = /bin/sh;
			shellScript = "diff \"${PODS_PODFILE_DIR_PATH}/Podfile.lock\" \"${PODS_ROOT}/Manifest.lock\" > /dev/null\nif [ $? != 0 ] ; then\n    # print error to STDERR\n    echo \"error: The sandbox is not in sync with the Podfile.lock. Run 'pod install' or update your CocoaPods installation.\" >&2\n    exit 1\nfi\n# This output is used by Xcode 'outputs' to avoid re-running this script phase.\necho \"SUCCESS\" > \"${SCRIPT_OUTPUT_FILE_0}\"\n";
			showEnvVarsInLog = 0;
		};
		374B41BB79CCC61F07A28D08 /* [CP] Embed Pods Frameworks */ = {
			isa = PBXShellScriptBuildPhase;
			buildActionMask = 2147483647;
			files = (
			);
			inputFileListPaths = (
				"${PODS_ROOT}/Target Support Files/Pods-MuyEmployees-MuyEmployeesUITests/Pods-MuyEmployees-MuyEmployeesUITests-frameworks-${CONFIGURATION}-input-files.xcfilelist",
			);
			name = "[CP] Embed Pods Frameworks";
			outputFileListPaths = (
				"${PODS_ROOT}/Target Support Files/Pods-MuyEmployees-MuyEmployeesUITests/Pods-MuyEmployees-MuyEmployeesUITests-frameworks-${CONFIGURATION}-output-files.xcfilelist",
			);
			runOnlyForDeploymentPostprocessing = 0;
			shellPath = /bin/sh;
			shellScript = "\"${PODS_ROOT}/Target Support Files/Pods-MuyEmployees-MuyEmployeesUITests/Pods-MuyEmployees-MuyEmployeesUITests-frameworks.sh\"\n";
			showEnvVarsInLog = 0;
		};
		5521B8E27A11C3ACC8256164 /* [CP] Check Pods Manifest.lock */ = {
			isa = PBXShellScriptBuildPhase;
			buildActionMask = 2147483647;
			files = (
			);
			inputFileListPaths = (
			);
			inputPaths = (
				"${PODS_PODFILE_DIR_PATH}/Podfile.lock",
				"${PODS_ROOT}/Manifest.lock",
			);
			name = "[CP] Check Pods Manifest.lock";
			outputFileListPaths = (
			);
			outputPaths = (
				"$(DERIVED_FILE_DIR)/Pods-MuyEmployeesTests-checkManifestLockResult.txt",
			);
			runOnlyForDeploymentPostprocessing = 0;
			shellPath = /bin/sh;
			shellScript = "diff \"${PODS_PODFILE_DIR_PATH}/Podfile.lock\" \"${PODS_ROOT}/Manifest.lock\" > /dev/null\nif [ $? != 0 ] ; then\n    # print error to STDERR\n    echo \"error: The sandbox is not in sync with the Podfile.lock. Run 'pod install' or update your CocoaPods installation.\" >&2\n    exit 1\nfi\n# This output is used by Xcode 'outputs' to avoid re-running this script phase.\necho \"SUCCESS\" > \"${SCRIPT_OUTPUT_FILE_0}\"\n";
			showEnvVarsInLog = 0;
		};
		734128081F222C0ACF878B20 /* [CP] Embed Pods Frameworks */ = {
			isa = PBXShellScriptBuildPhase;
			buildActionMask = 2147483647;
			files = (
			);
			inputFileListPaths = (
				"${PODS_ROOT}/Target Support Files/Pods-MuyEmployees/Pods-MuyEmployees-frameworks-${CONFIGURATION}-input-files.xcfilelist",
			);
			name = "[CP] Embed Pods Frameworks";
			outputFileListPaths = (
				"${PODS_ROOT}/Target Support Files/Pods-MuyEmployees/Pods-MuyEmployees-frameworks-${CONFIGURATION}-output-files.xcfilelist",
			);
			runOnlyForDeploymentPostprocessing = 0;
			shellPath = /bin/sh;
			shellScript = "\"${PODS_ROOT}/Target Support Files/Pods-MuyEmployees/Pods-MuyEmployees-frameworks.sh\"\n";
			showEnvVarsInLog = 0;
		};
		B34AB73CB0311C1E281ECA62 /* [CP] Check Pods Manifest.lock */ = {
			isa = PBXShellScriptBuildPhase;
			buildActionMask = 2147483647;
			files = (
			);
			inputFileListPaths = (
			);
			inputPaths = (
				"${PODS_PODFILE_DIR_PATH}/Podfile.lock",
				"${PODS_ROOT}/Manifest.lock",
			);
			name = "[CP] Check Pods Manifest.lock";
			outputFileListPaths = (
			);
			outputPaths = (
				"$(DERIVED_FILE_DIR)/Pods-MuyEmployees-MuyEmployeesUITests-checkManifestLockResult.txt",
			);
			runOnlyForDeploymentPostprocessing = 0;
			shellPath = /bin/sh;
			shellScript = "diff \"${PODS_PODFILE_DIR_PATH}/Podfile.lock\" \"${PODS_ROOT}/Manifest.lock\" > /dev/null\nif [ $? != 0 ] ; then\n    # print error to STDERR\n    echo \"error: The sandbox is not in sync with the Podfile.lock. Run 'pod install' or update your CocoaPods installation.\" >&2\n    exit 1\nfi\n# This output is used by Xcode 'outputs' to avoid re-running this script phase.\necho \"SUCCESS\" > \"${SCRIPT_OUTPUT_FILE_0}\"\n";
			showEnvVarsInLog = 0;
		};
/* End PBXShellScriptBuildPhase section */

/* Begin PBXSourcesBuildPhase section */
		04E2DE5F24F9583900C92916 /* Sources */ = {
			isa = PBXSourcesBuildPhase;
			buildActionMask = 2147483647;
			files = (
				04E2DED024F9A6A600C92916 /* EmployeeViewController.swift in Sources */,
				04E2DEC824F9749900C92916 /* EmplooyeTableViewCell.swift in Sources */,
				04E2DEEC24F9CA1500C92916 /* HeaderSubEmployeesSectionView.swift in Sources */,
				04E2DEB824F9624500C92916 /* ApiAdapter.swift in Sources */,
				04E2DE6B24F9583900C92916 /* ViewController.swift in Sources */,
				04E2DEE724F9C0CF00C92916 /* Employee+CoreDataProperties.swift in Sources */,
				04E2DED624F9AD4F00C92916 /* HeaderEmployeeTableViewCell.swift in Sources */,
				04E2DEBA24F96DFB00C92916 /* EmpoyeesApi.swift in Sources */,
				04E2DEBD24F96E6400C92916 /* EmployeesService.swift in Sources */,
				04E2DEEA24F9C0CF00C92916 /* SubEmployees+CoreDataClass.swift in Sources */,
				04E2DE6724F9583900C92916 /* AppDelegate.swift in Sources */,
				04E2DEC124F971A800C92916 /* HomeViewModel.swift in Sources */,
				04E2DE6924F9583900C92916 /* SceneDelegate.swift in Sources */,
				04E2DEE824F9C0CF00C92916 /* Employee+CoreDataClass.swift in Sources */,
				04F4D28524FAEC2700F42B80 /* AddEmployeeViewModel.swift in Sources */,
				04E2DECC24F975A800C92916 /* Extensions.swift in Sources */,
				04F4D28224FAE7B500F42B80 /* AddEmployeeViewController.swift in Sources */,
				04E2DEBF24F96EFA00C92916 /* EmployeesListRes.swift in Sources */,
				04E2DE7124F9583900C92916 /* MuyEmployees.xcdatamodeld in Sources */,
				04E2DEC424F9721A00C92916 /* EmployeesManager.swift in Sources */,
				04E2DEEE24F9DBCB00C92916 /* EmployeeViewModel.swift in Sources */,
				04E2DEE924F9C0CF00C92916 /* SubEmployees+CoreDataProperties.swift in Sources */,
			);
			runOnlyForDeploymentPostprocessing = 0;
		};
		04E2DE7824F9583C00C92916 /* Sources */ = {
			isa = PBXSourcesBuildPhase;
			buildActionMask = 2147483647;
			files = (
				04E2DE8124F9583C00C92916 /* MuyEmployeesTests.swift in Sources */,
			);
			runOnlyForDeploymentPostprocessing = 0;
		};
		04E2DE8324F9583C00C92916 /* Sources */ = {
			isa = PBXSourcesBuildPhase;
			buildActionMask = 2147483647;
			files = (
				04E2DE8C24F9583C00C92916 /* MuyEmployeesUITests.swift in Sources */,
			);
			runOnlyForDeploymentPostprocessing = 0;
		};
/* End PBXSourcesBuildPhase section */

/* Begin PBXTargetDependency section */
		04E2DE7E24F9583C00C92916 /* PBXTargetDependency */ = {
			isa = PBXTargetDependency;
			target = 04E2DE6224F9583900C92916 /* MuyEmployees */;
			targetProxy = 04E2DE7D24F9583C00C92916 /* PBXContainerItemProxy */;
		};
		04E2DE8924F9583C00C92916 /* PBXTargetDependency */ = {
			isa = PBXTargetDependency;
			target = 04E2DE6224F9583900C92916 /* MuyEmployees */;
			targetProxy = 04E2DE8824F9583C00C92916 /* PBXContainerItemProxy */;
		};
/* End PBXTargetDependency section */

/* Begin PBXVariantGroup section */
		04E2DE6C24F9583900C92916 /* Main.storyboard */ = {
			isa = PBXVariantGroup;
			children = (
				04E2DE6D24F9583900C92916 /* Base */,
			);
			name = Main.storyboard;
			sourceTree = "<group>";
		};
		04E2DE7424F9583B00C92916 /* LaunchScreen.storyboard */ = {
			isa = PBXVariantGroup;
			children = (
				04E2DE7524F9583B00C92916 /* Base */,
			);
			name = LaunchScreen.storyboard;
			sourceTree = "<group>";
		};
/* End PBXVariantGroup section */

/* Begin XCBuildConfiguration section */
		04E2DE8E24F9583C00C92916 /* Debug */ = {
			isa = XCBuildConfiguration;
			buildSettings = {
				ALWAYS_SEARCH_USER_PATHS = NO;
				CLANG_ANALYZER_NONNULL = YES;
				CLANG_ANALYZER_NUMBER_OBJECT_CONVERSION = YES_AGGRESSIVE;
				CLANG_CXX_LANGUAGE_STANDARD = "gnu++14";
				CLANG_CXX_LIBRARY = "libc++";
				CLANG_ENABLE_MODULES = YES;
				CLANG_ENABLE_OBJC_ARC = YES;
				CLANG_ENABLE_OBJC_WEAK = YES;
				CLANG_WARN_BLOCK_CAPTURE_AUTORELEASING = YES;
				CLANG_WARN_BOOL_CONVERSION = YES;
				CLANG_WARN_COMMA = YES;
				CLANG_WARN_CONSTANT_CONVERSION = YES;
				CLANG_WARN_DEPRECATED_OBJC_IMPLEMENTATIONS = YES;
				CLANG_WARN_DIRECT_OBJC_ISA_USAGE = YES_ERROR;
				CLANG_WARN_DOCUMENTATION_COMMENTS = YES;
				CLANG_WARN_EMPTY_BODY = YES;
				CLANG_WARN_ENUM_CONVERSION = YES;
				CLANG_WARN_INFINITE_RECURSION = YES;
				CLANG_WARN_INT_CONVERSION = YES;
				CLANG_WARN_NON_LITERAL_NULL_CONVERSION = YES;
				CLANG_WARN_OBJC_IMPLICIT_RETAIN_SELF = YES;
				CLANG_WARN_OBJC_LITERAL_CONVERSION = YES;
				CLANG_WARN_OBJC_ROOT_CLASS = YES_ERROR;
				CLANG_WARN_RANGE_LOOP_ANALYSIS = YES;
				CLANG_WARN_STRICT_PROTOTYPES = YES;
				CLANG_WARN_SUSPICIOUS_MOVE = YES;
				CLANG_WARN_UNGUARDED_AVAILABILITY = YES_AGGRESSIVE;
				CLANG_WARN_UNREACHABLE_CODE = YES;
				CLANG_WARN__DUPLICATE_METHOD_MATCH = YES;
				COPY_PHASE_STRIP = NO;
				DEBUG_INFORMATION_FORMAT = dwarf;
				ENABLE_STRICT_OBJC_MSGSEND = YES;
				ENABLE_TESTABILITY = YES;
				GCC_C_LANGUAGE_STANDARD = gnu11;
				GCC_DYNAMIC_NO_PIC = NO;
				GCC_NO_COMMON_BLOCKS = YES;
				GCC_OPTIMIZATION_LEVEL = 0;
				GCC_PREPROCESSOR_DEFINITIONS = (
					"DEBUG=1",
					"$(inherited)",
				);
				GCC_WARN_64_TO_32_BIT_CONVERSION = YES;
				GCC_WARN_ABOUT_RETURN_TYPE = YES_ERROR;
				GCC_WARN_UNDECLARED_SELECTOR = YES;
				GCC_WARN_UNINITIALIZED_AUTOS = YES_AGGRESSIVE;
				GCC_WARN_UNUSED_FUNCTION = YES;
				GCC_WARN_UNUSED_VARIABLE = YES;
				IPHONEOS_DEPLOYMENT_TARGET = 13.6;
				MTL_ENABLE_DEBUG_INFO = INCLUDE_SOURCE;
				MTL_FAST_MATH = YES;
				ONLY_ACTIVE_ARCH = YES;
				SDKROOT = iphoneos;
				SWIFT_ACTIVE_COMPILATION_CONDITIONS = DEBUG;
				SWIFT_OPTIMIZATION_LEVEL = "-Onone";
			};
			name = Debug;
		};
		04E2DE8F24F9583C00C92916 /* Release */ = {
			isa = XCBuildConfiguration;
			buildSettings = {
				ALWAYS_SEARCH_USER_PATHS = NO;
				CLANG_ANALYZER_NONNULL = YES;
				CLANG_ANALYZER_NUMBER_OBJECT_CONVERSION = YES_AGGRESSIVE;
				CLANG_CXX_LANGUAGE_STANDARD = "gnu++14";
				CLANG_CXX_LIBRARY = "libc++";
				CLANG_ENABLE_MODULES = YES;
				CLANG_ENABLE_OBJC_ARC = YES;
				CLANG_ENABLE_OBJC_WEAK = YES;
				CLANG_WARN_BLOCK_CAPTURE_AUTORELEASING = YES;
				CLANG_WARN_BOOL_CONVERSION = YES;
				CLANG_WARN_COMMA = YES;
				CLANG_WARN_CONSTANT_CONVERSION = YES;
				CLANG_WARN_DEPRECATED_OBJC_IMPLEMENTATIONS = YES;
				CLANG_WARN_DIRECT_OBJC_ISA_USAGE = YES_ERROR;
				CLANG_WARN_DOCUMENTATION_COMMENTS = YES;
				CLANG_WARN_EMPTY_BODY = YES;
				CLANG_WARN_ENUM_CONVERSION = YES;
				CLANG_WARN_INFINITE_RECURSION = YES;
				CLANG_WARN_INT_CONVERSION = YES;
				CLANG_WARN_NON_LITERAL_NULL_CONVERSION = YES;
				CLANG_WARN_OBJC_IMPLICIT_RETAIN_SELF = YES;
				CLANG_WARN_OBJC_LITERAL_CONVERSION = YES;
				CLANG_WARN_OBJC_ROOT_CLASS = YES_ERROR;
				CLANG_WARN_RANGE_LOOP_ANALYSIS = YES;
				CLANG_WARN_STRICT_PROTOTYPES = YES;
				CLANG_WARN_SUSPICIOUS_MOVE = YES;
				CLANG_WARN_UNGUARDED_AVAILABILITY = YES_AGGRESSIVE;
				CLANG_WARN_UNREACHABLE_CODE = YES;
				CLANG_WARN__DUPLICATE_METHOD_MATCH = YES;
				COPY_PHASE_STRIP = NO;
				DEBUG_INFORMATION_FORMAT = "dwarf-with-dsym";
				ENABLE_NS_ASSERTIONS = NO;
				ENABLE_STRICT_OBJC_MSGSEND = YES;
				GCC_C_LANGUAGE_STANDARD = gnu11;
				GCC_NO_COMMON_BLOCKS = YES;
				GCC_WARN_64_TO_32_BIT_CONVERSION = YES;
				GCC_WARN_ABOUT_RETURN_TYPE = YES_ERROR;
				GCC_WARN_UNDECLARED_SELECTOR = YES;
				GCC_WARN_UNINITIALIZED_AUTOS = YES_AGGRESSIVE;
				GCC_WARN_UNUSED_FUNCTION = YES;
				GCC_WARN_UNUSED_VARIABLE = YES;
				IPHONEOS_DEPLOYMENT_TARGET = 13.6;
				MTL_ENABLE_DEBUG_INFO = NO;
				MTL_FAST_MATH = YES;
				SDKROOT = iphoneos;
				SWIFT_COMPILATION_MODE = wholemodule;
				SWIFT_OPTIMIZATION_LEVEL = "-O";
				VALIDATE_PRODUCT = YES;
			};
			name = Release;
		};
		04E2DE9124F9583C00C92916 /* Debug */ = {
			isa = XCBuildConfiguration;
			baseConfigurationReference = EF6C05D94449131CC1BEC2E5 /* Pods-MuyEmployees.debug.xcconfig */;
			buildSettings = {
				ASSETCATALOG_COMPILER_APPICON_NAME = AppIcon;
				CODE_SIGN_STYLE = Automatic;
				DEVELOPMENT_TEAM = U76E4PGKS7;
				INFOPLIST_FILE = MuyEmployees/Info.plist;
				LD_RUNPATH_SEARCH_PATHS = (
					"$(inherited)",
					"@executable_path/Frameworks",
				);
				PRODUCT_BUNDLE_IDENTIFIER = com.danielmckensi.MuyEmployees;
				PRODUCT_NAME = "$(TARGET_NAME)";
				SWIFT_VERSION = 5.0;
				TARGETED_DEVICE_FAMILY = "1,2";
			};
			name = Debug;
		};
		04E2DE9224F9583C00C92916 /* Release */ = {
			isa = XCBuildConfiguration;
			baseConfigurationReference = F99E00BFE0CB1856A84A7F50 /* Pods-MuyEmployees.release.xcconfig */;
			buildSettings = {
				ASSETCATALOG_COMPILER_APPICON_NAME = AppIcon;
				CODE_SIGN_STYLE = Automatic;
				DEVELOPMENT_TEAM = U76E4PGKS7;
				INFOPLIST_FILE = MuyEmployees/Info.plist;
				LD_RUNPATH_SEARCH_PATHS = (
					"$(inherited)",
					"@executable_path/Frameworks",
				);
				PRODUCT_BUNDLE_IDENTIFIER = com.danielmckensi.MuyEmployees;
				PRODUCT_NAME = "$(TARGET_NAME)";
				SWIFT_VERSION = 5.0;
				TARGETED_DEVICE_FAMILY = "1,2";
			};
			name = Release;
		};
		04E2DE9424F9583C00C92916 /* Debug */ = {
			isa = XCBuildConfiguration;
			baseConfigurationReference = AF23ABADE80FAB6F2215CE08 /* Pods-MuyEmployeesTests.debug.xcconfig */;
			buildSettings = {
				ALWAYS_EMBED_SWIFT_STANDARD_LIBRARIES = YES;
				BUNDLE_LOADER = "$(TEST_HOST)";
				CODE_SIGN_STYLE = Automatic;
				DEVELOPMENT_TEAM = U76E4PGKS7;
				INFOPLIST_FILE = MuyEmployeesTests/Info.plist;
				IPHONEOS_DEPLOYMENT_TARGET = 13.6;
				LD_RUNPATH_SEARCH_PATHS = (
					"$(inherited)",
					"@executable_path/Frameworks",
					"@loader_path/Frameworks",
				);
				PRODUCT_BUNDLE_IDENTIFIER = com.danielmckensi.MuyEmployeesTests;
				PRODUCT_NAME = "$(TARGET_NAME)";
				SWIFT_VERSION = 5.0;
				TARGETED_DEVICE_FAMILY = "1,2";
				TEST_HOST = "$(BUILT_PRODUCTS_DIR)/MuyEmployees.app/MuyEmployees";
			};
			name = Debug;
		};
		04E2DE9524F9583C00C92916 /* Release */ = {
			isa = XCBuildConfiguration;
			baseConfigurationReference = 9FEE4A18E5A7DE3DCE2C3E5B /* Pods-MuyEmployeesTests.release.xcconfig */;
			buildSettings = {
				ALWAYS_EMBED_SWIFT_STANDARD_LIBRARIES = YES;
				BUNDLE_LOADER = "$(TEST_HOST)";
				CODE_SIGN_STYLE = Automatic;
				DEVELOPMENT_TEAM = U76E4PGKS7;
				INFOPLIST_FILE = MuyEmployeesTests/Info.plist;
				IPHONEOS_DEPLOYMENT_TARGET = 13.6;
				LD_RUNPATH_SEARCH_PATHS = (
					"$(inherited)",
					"@executable_path/Frameworks",
					"@loader_path/Frameworks",
				);
				PRODUCT_BUNDLE_IDENTIFIER = com.danielmckensi.MuyEmployeesTests;
				PRODUCT_NAME = "$(TARGET_NAME)";
				SWIFT_VERSION = 5.0;
				TARGETED_DEVICE_FAMILY = "1,2";
				TEST_HOST = "$(BUILT_PRODUCTS_DIR)/MuyEmployees.app/MuyEmployees";
			};
			name = Release;
		};
		04E2DE9724F9583C00C92916 /* Debug */ = {
			isa = XCBuildConfiguration;
			baseConfigurationReference = 1AF81C12D6259B1EEB26F947 /* Pods-MuyEmployees-MuyEmployeesUITests.debug.xcconfig */;
			buildSettings = {
				ALWAYS_EMBED_SWIFT_STANDARD_LIBRARIES = YES;
				CODE_SIGN_STYLE = Automatic;
				DEVELOPMENT_TEAM = U76E4PGKS7;
				INFOPLIST_FILE = MuyEmployeesUITests/Info.plist;
				LD_RUNPATH_SEARCH_PATHS = (
					"$(inherited)",
					"@executable_path/Frameworks",
					"@loader_path/Frameworks",
				);
				PRODUCT_BUNDLE_IDENTIFIER = com.danielmckensi.MuyEmployeesUITests;
				PRODUCT_NAME = "$(TARGET_NAME)";
				SWIFT_VERSION = 5.0;
				TARGETED_DEVICE_FAMILY = "1,2";
				TEST_TARGET_NAME = MuyEmployees;
			};
			name = Debug;
		};
		04E2DE9824F9583C00C92916 /* Release */ = {
			isa = XCBuildConfiguration;
			baseConfigurationReference = EC31090D3A3588627A3E3B69 /* Pods-MuyEmployees-MuyEmployeesUITests.release.xcconfig */;
			buildSettings = {
				ALWAYS_EMBED_SWIFT_STANDARD_LIBRARIES = YES;
				CODE_SIGN_STYLE = Automatic;
				DEVELOPMENT_TEAM = U76E4PGKS7;
				INFOPLIST_FILE = MuyEmployeesUITests/Info.plist;
				LD_RUNPATH_SEARCH_PATHS = (
					"$(inherited)",
					"@executable_path/Frameworks",
					"@loader_path/Frameworks",
				);
				PRODUCT_BUNDLE_IDENTIFIER = com.danielmckensi.MuyEmployeesUITests;
				PRODUCT_NAME = "$(TARGET_NAME)";
				SWIFT_VERSION = 5.0;
				TARGETED_DEVICE_FAMILY = "1,2";
				TEST_TARGET_NAME = MuyEmployees;
			};
			name = Release;
		};
/* End XCBuildConfiguration section */

/* Begin XCConfigurationList section */
		04E2DE5E24F9583900C92916 /* Build configuration list for PBXProject "MuyEmployees" */ = {
			isa = XCConfigurationList;
			buildConfigurations = (
				04E2DE8E24F9583C00C92916 /* Debug */,
				04E2DE8F24F9583C00C92916 /* Release */,
			);
			defaultConfigurationIsVisible = 0;
			defaultConfigurationName = Release;
		};
		04E2DE9024F9583C00C92916 /* Build configuration list for PBXNativeTarget "MuyEmployees" */ = {
			isa = XCConfigurationList;
			buildConfigurations = (
				04E2DE9124F9583C00C92916 /* Debug */,
				04E2DE9224F9583C00C92916 /* Release */,
			);
			defaultConfigurationIsVisible = 0;
			defaultConfigurationName = Release;
		};
		04E2DE9324F9583C00C92916 /* Build configuration list for PBXNativeTarget "MuyEmployeesTests" */ = {
			isa = XCConfigurationList;
			buildConfigurations = (
				04E2DE9424F9583C00C92916 /* Debug */,
				04E2DE9524F9583C00C92916 /* Release */,
			);
			defaultConfigurationIsVisible = 0;
			defaultConfigurationName = Release;
		};
		04E2DE9624F9583C00C92916 /* Build configuration list for PBXNativeTarget "MuyEmployeesUITests" */ = {
			isa = XCConfigurationList;
			buildConfigurations = (
				04E2DE9724F9583C00C92916 /* Debug */,
				04E2DE9824F9583C00C92916 /* Release */,
			);
			defaultConfigurationIsVisible = 0;
			defaultConfigurationName = Release;
		};
/* End XCConfigurationList section */

/* Begin XCVersionGroup section */
		04E2DE6F24F9583900C92916 /* MuyEmployees.xcdatamodeld */ = {
			isa = XCVersionGroup;
			children = (
				04E2DE7024F9583900C92916 /* MuyEmployees.xcdatamodel */,
			);
			currentVersion = 04E2DE7024F9583900C92916 /* MuyEmployees.xcdatamodel */;
			path = MuyEmployees.xcdatamodeld;
			sourceTree = "<group>";
			versionGroupType = wrapper.xcdatamodel;
		};
/* End XCVersionGroup section */
	};
	rootObject = 04E2DE5B24F9583900C92916 /* Project object */;
}
